<Solution>
  <Folder Name="/src/">
    <Project Path="src/MathAuthoring.Core/MathAuthoring.Core.csproj" />
    <Project Path="src/MathAuthoring.Persistence/MathAuthoring.Persistence.csproj" />
  </Folder>
  <Folder Name="/tests/">
    <Project Path="tests/MathAuthoring.Core.Tests/MathAuthoring.Core.Tests.csproj" />
  </Folder>
</Solution>
